
Microsoft Visual Studio Solution File, Format Version 12.00
Project("{2150E333-8FDC-42A3-9474-1A3956D46DE8}") = "src", "src", "{F2326A6F-558F-4DBE-87FA-1175612C8951}"
EndProject
Project("{2150E333-8FDC-42A3-9474-1A3956D46DE8}") = "tests", "tests", "{C8F5C089-6AFE-4DDC-A320-3F99DC55251B}"
EndProject
Project("{FAE04EC0-301F-11D3-BF4B-00C04F79EFBC}") = "ConsiliumTempus.Application", "src\ConsiliumTempus.Application\ConsiliumTempus.Application.csproj", "{A0D9EEEE-D6E7-4C4B-BB19-C3C276D33EF3}"
EndProject
Project("{FAE04EC0-301F-11D3-BF4B-00C04F79EFBC}") = "ConsiliumTempus.Domain", "src\ConsiliumTempus.Domain\ConsiliumTempus.Domain.csproj", "{0C2EA21C-3D4A-4B1F-9781-7B238F954BC8}"
EndProject
Project("{FAE04EC0-301F-11D3-BF4B-00C04F79EFBC}") = "ConsiliumTempus.Infrastructure", "src\ConsiliumTempus.Infrastructure\ConsiliumTempus.Infrastructure.csproj", "{20FD909F-C2A6-462E-B81C-8FAB8B9D2C28}"
EndProject
Project("{FAE04EC0-301F-11D3-BF4B-00C04F79EFBC}") = "ConsiliumTempus.Api", "src\ConsiliumTempus.Api\ConsiliumTempus.Api.csproj", "{7286D592-9E78-4693-9F47-F7AC771E9D6D}"
EndProject
Project("{2150E333-8FDC-42A3-9474-1A3956D46DE8}") = "Unit", "Unit", "{A94EA951-E084-42EB-B4D4-8A31DB9B7A03}"
EndProject
Project("{2150E333-8FDC-42A3-9474-1A3956D46DE8}") = "Integration", "Integration", "{D2BB4E3B-58FF-4305-8477-1A49E33EEDAB}"
EndProject
Project("{FAE04EC0-301F-11D3-BF4B-00C04F79EFBC}") = "ConsiliumTempus.Application.UnitTests", "tests\Unit\ConsiliumTempus.Application.UnitTests\ConsiliumTempus.Application.UnitTests.csproj", "{D13250DB-73B4-4A57-BB0B-592A217C1A90}"
EndProject
Project("{FAE04EC0-301F-11D3-BF4B-00C04F79EFBC}") = "ConsiliumTempus.Application.IntegrationTests", "tests\Integration\ConsiliumTempus.Application.IntegrationTests\ConsiliumTempus.Application.IntegrationTests.csproj", "{2574E5A5-F9A8-4610-A853-66B9E9A2E08E}"
EndProject
Project("{FAE04EC0-301F-11D3-BF4B-00C04F79EFBC}") = "ConsiliumTempus.Infrastructure.UnitTests", "tests\Unit\ConsiliumTempus.Infrastructure.UnitTests\ConsiliumTempus.Infrastructure.UnitTests.csproj", "{D7A7C62A-A376-430A-AAD3-5E73719A7378}"
EndProject
Project("{FAE04EC0-301F-11D3-BF4B-00C04F79EFBC}") = "ConsiliumTempus.Api.UnitTests", "tests\Unit\ConsiliumTempus.Api.UnitTests\ConsiliumTempus.Api.UnitTests.csproj", "{3E665AFB-CDF0-4201-8546-E770567FCFDF}"
EndProject
Project("{FAE04EC0-301F-11D3-BF4B-00C04F79EFBC}") = "ConsiliumTempus.Api.IntegrationTests", "tests\Integration\ConsiliumTempus.Api.IntegrationTests\ConsiliumTempus.Api.IntegrationTests.csproj", "{5DD61BDD-1CC5-4A40-9127-DFAA22F225D7}"
EndProject
Global
	GlobalSection(SolutionConfigurationPlatforms) = preSolution
		Debug|Any CPU = Debug|Any CPU
		Release|Any CPU = Release|Any CPU
	EndGlobalSection
	GlobalSection(NestedProjects) = preSolution
		{A0D9EEEE-D6E7-4C4B-BB19-C3C276D33EF3} = {F2326A6F-558F-4DBE-87FA-1175612C8951}
		{0C2EA21C-3D4A-4B1F-9781-7B238F954BC8} = {F2326A6F-558F-4DBE-87FA-1175612C8951}
		{20FD909F-C2A6-462E-B81C-8FAB8B9D2C28} = {F2326A6F-558F-4DBE-87FA-1175612C8951}
		{7286D592-9E78-4693-9F47-F7AC771E9D6D} = {F2326A6F-558F-4DBE-87FA-1175612C8951}
		{A94EA951-E084-42EB-B4D4-8A31DB9B7A03} = {C8F5C089-6AFE-4DDC-A320-3F99DC55251B}
		{D2BB4E3B-58FF-4305-8477-1A49E33EEDAB} = {C8F5C089-6AFE-4DDC-A320-3F99DC55251B}
		{D13250DB-73B4-4A57-BB0B-592A217C1A90} = {A94EA951-E084-42EB-B4D4-8A31DB9B7A03}
		{2574E5A5-F9A8-4610-A853-66B9E9A2E08E} = {D2BB4E3B-58FF-4305-8477-1A49E33EEDAB}
		{D7A7C62A-A376-430A-AAD3-5E73719A7378} = {A94EA951-E084-42EB-B4D4-8A31DB9B7A03}
		{3E665AFB-CDF0-4201-8546-E770567FCFDF} = {A94EA951-E084-42EB-B4D4-8A31DB9B7A03}
		{5DD61BDD-1CC5-4A40-9127-DFAA22F225D7} = {D2BB4E3B-58FF-4305-8477-1A49E33EEDAB}
	EndGlobalSection
	GlobalSection(ProjectConfigurationPlatforms) = postSolution
		{A0D9EEEE-D6E7-4C4B-BB19-C3C276D33EF3}.Debug|Any CPU.ActiveCfg = Debug|Any CPU
		{A0D9EEEE-D6E7-4C4B-BB19-C3C276D33EF3}.Debug|Any CPU.Build.0 = Debug|Any CPU
		{A0D9EEEE-D6E7-4C4B-BB19-C3C276D33EF3}.Release|Any CPU.ActiveCfg = Release|Any CPU
		{A0D9EEEE-D6E7-4C4B-BB19-C3C276D33EF3}.Release|Any CPU.Build.0 = Release|Any CPU
		{0C2EA21C-3D4A-4B1F-9781-7B238F954BC8}.Debug|Any CPU.ActiveCfg = Debug|Any CPU
		{0C2EA21C-3D4A-4B1F-9781-7B238F954BC8}.Debug|Any CPU.Build.0 = Debug|Any CPU
		{0C2EA21C-3D4A-4B1F-9781-7B238F954BC8}.Release|Any CPU.ActiveCfg = Release|Any CPU
		{0C2EA21C-3D4A-4B1F-9781-7B238F954BC8}.Release|Any CPU.Build.0 = Release|Any CPU
		{20FD909F-C2A6-462E-B81C-8FAB8B9D2C28}.Debug|Any CPU.ActiveCfg = Debug|Any CPU
		{20FD909F-C2A6-462E-B81C-8FAB8B9D2C28}.Debug|Any CPU.Build.0 = Debug|Any CPU
		{20FD909F-C2A6-462E-B81C-8FAB8B9D2C28}.Release|Any CPU.ActiveCfg = Release|Any CPU
		{20FD909F-C2A6-462E-B81C-8FAB8B9D2C28}.Release|Any CPU.Build.0 = Release|Any CPU
		{7286D592-9E78-4693-9F47-F7AC771E9D6D}.Debug|Any CPU.ActiveCfg = Debug|Any CPU
		{7286D592-9E78-4693-9F47-F7AC771E9D6D}.Debug|Any CPU.Build.0 = Debug|Any CPU
		{7286D592-9E78-4693-9F47-F7AC771E9D6D}.Release|Any CPU.ActiveCfg = Release|Any CPU
		{7286D592-9E78-4693-9F47-F7AC771E9D6D}.Release|Any CPU.Build.0 = Release|Any CPU
		{D13250DB-73B4-4A57-BB0B-592A217C1A90}.Debug|Any CPU.ActiveCfg = Debug|Any CPU
		{D13250DB-73B4-4A57-BB0B-592A217C1A90}.Debug|Any CPU.Build.0 = Debug|Any CPU
		{D13250DB-73B4-4A57-BB0B-592A217C1A90}.Release|Any CPU.ActiveCfg = Release|Any CPU
		{D13250DB-73B4-4A57-BB0B-592A217C1A90}.Release|Any CPU.Build.0 = Release|Any CPU
		{2574E5A5-F9A8-4610-A853-66B9E9A2E08E}.Debug|Any CPU.ActiveCfg = Debug|Any CPU
		{2574E5A5-F9A8-4610-A853-66B9E9A2E08E}.Debug|Any CPU.Build.0 = Debug|Any CPU
		{2574E5A5-F9A8-4610-A853-66B9E9A2E08E}.Release|Any CPU.ActiveCfg = Release|Any CPU
		{2574E5A5-F9A8-4610-A853-66B9E9A2E08E}.Release|Any CPU.Build.0 = Release|Any CPU
		{D7A7C62A-A376-430A-AAD3-5E73719A7378}.Debug|Any CPU.ActiveCfg = Debug|Any CPU
		{D7A7C62A-A376-430A-AAD3-5E73719A7378}.Debug|Any CPU.Build.0 = Debug|Any CPU
		{D7A7C62A-A376-430A-AAD3-5E73719A7378}.Release|Any CPU.ActiveCfg = Release|Any CPU
		{D7A7C62A-A376-430A-AAD3-5E73719A7378}.Release|Any CPU.Build.0 = Release|Any CPU
		{3E665AFB-CDF0-4201-8546-E770567FCFDF}.Debug|Any CPU.ActiveCfg = Debug|Any CPU
		{3E665AFB-CDF0-4201-8546-E770567FCFDF}.Debug|Any CPU.Build.0 = Debug|Any CPU
		{3E665AFB-CDF0-4201-8546-E770567FCFDF}.Release|Any CPU.ActiveCfg = Release|Any CPU
		{3E665AFB-CDF0-4201-8546-E770567FCFDF}.Release|Any CPU.Build.0 = Release|Any CPU
		{5DD61BDD-1CC5-4A40-9127-DFAA22F225D7}.Debug|Any CPU.ActiveCfg = Debug|Any CPU
		{5DD61BDD-1CC5-4A40-9127-DFAA22F225D7}.Debug|Any CPU.Build.0 = Debug|Any CPU
		{5DD61BDD-1CC5-4A40-9127-DFAA22F225D7}.Release|Any CPU.ActiveCfg = Release|Any CPU
		{5DD61BDD-1CC5-4A40-9127-DFAA22F225D7}.Release|Any CPU.Build.0 = Release|Any CPU
	EndGlobalSection
EndGlobal
